
Microsoft Visual Studio Solution File, Format Version 12.00
# Visual Studio Version 16
VisualStudioVersion = 16.0.29905.134
MinimumVisualStudioVersion = 10.0.40219.1
Project("{FAE04EC0-301F-11D3-BF4B-00C04F79EFBC}") = "ITVDN_Les3_Ex2", "ITVDN_Les3_Ex2\ITVDN_Les3_Ex2.csproj", "{C24E59B7-BC49-4ADF-8658-BCCE5DBF685E}"
EndProject
Global
	GlobalSection(SolutionConfigurationPlatforms) = preSolution
		Debug|Any CPU = Debug|Any CPU
		Release|Any CPU = Release|Any CPU
	EndGlobalSection
	GlobalSection(ProjectConfigurationPlatforms) = postSolution
		{C24E59B7-BC49-4ADF-8658-BCCE5DBF685E}.Debug|Any CPU.ActiveCfg = Debug|Any CPU
		{C24E59B7-BC49-4ADF-8658-BCCE5DBF685E}.Debug|Any CPU.Build.0 = Debug|Any CPU
		{C24E59B7-BC49-4ADF-8658-BCCE5DBF685E}.Release|Any CPU.ActiveCfg = Release|Any CPU
		{C24E59B7-BC49-4ADF-8658-BCCE5DBF685E}.Release|Any CPU.Build.0 = Release|Any CPU
	EndGlobalSection
	GlobalSection(SolutionProperties) = preSolution
		HideSolutionNode = FALSE
	EndGlobalSection
	GlobalSection(ExtensibilityGlobals) = postSolution
		SolutionGuid = {996E28C5-6ACD-4A33-A5CD-D2A085323AAA}
	EndGlobalSection
EndGlobal
